
Microsoft Visual Studio Solution File, Format Version 12.00
# Visual Studio Version 17
VisualStudioVersion = 17.12.35527.113
MinimumVisualStudioVersion = 10.0.40219.1
Project("{9A19103F-16F7-4668-BE54-9A1E7A4F7556}") = "PlastikAPI", "PlastikAPI\PlastikAPI.csproj", "{CC8782F7-B787-47E7-A2D6-46E65AE1A9C3}"
EndProject
Project("{9A19103F-16F7-4668-BE54-9A1E7A4F7556}") = "DAL", "DAL\DAL.csproj", "{F075E79C-8ACF-4C8A-AA90-6A3280CA695D}"
EndProject
Project("{9A19103F-16F7-4668-BE54-9A1E7A4F7556}") = "BLL", "BLL\BLL.csproj", "{C8788219-53AD-4AE1-9F54-67AB524D50D9}"
EndProject
Global
	GlobalSection(SolutionConfigurationPlatforms) = preSolution
		Debug|Any CPU = Debug|Any CPU
		Release|Any CPU = Release|Any CPU
	EndGlobalSection
	GlobalSection(ProjectConfigurationPlatforms) = postSolution
		{CC8782F7-B787-47E7-A2D6-46E65AE1A9C3}.Debug|Any CPU.ActiveCfg = Debug|Any CPU
		{CC8782F7-B787-47E7-A2D6-46E65AE1A9C3}.Debug|Any CPU.Build.0 = Debug|Any CPU
		{CC8782F7-B787-47E7-A2D6-46E65AE1A9C3}.Release|Any CPU.ActiveCfg = Release|Any CPU
		{CC8782F7-B787-47E7-A2D6-46E65AE1A9C3}.Release|Any CPU.Build.0 = Release|Any CPU
		{F075E79C-8ACF-4C8A-AA90-6A3280CA695D}.Debug|Any CPU.ActiveCfg = Debug|Any CPU
		{F075E79C-8ACF-4C8A-AA90-6A3280CA695D}.Debug|Any CPU.Build.0 = Debug|Any CPU
		{F075E79C-8ACF-4C8A-AA90-6A3280CA695D}.Release|Any CPU.ActiveCfg = Release|Any CPU
		{F075E79C-8ACF-4C8A-AA90-6A3280CA695D}.Release|Any CPU.Build.0 = Release|Any CPU
		{C8788219-53AD-4AE1-9F54-67AB524D50D9}.Debug|Any CPU.ActiveCfg = Debug|Any CPU
		{C8788219-53AD-4AE1-9F54-67AB524D50D9}.Debug|Any CPU.Build.0 = Debug|Any CPU
		{C8788219-53AD-4AE1-9F54-67AB524D50D9}.Release|Any CPU.ActiveCfg = Release|Any CPU
		{C8788219-53AD-4AE1-9F54-67AB524D50D9}.Release|Any CPU.Build.0 = Release|Any CPU
	EndGlobalSection
	GlobalSection(SolutionProperties) = preSolution
		HideSolutionNode = FALSE
	EndGlobalSection
	GlobalSection(ExtensibilityGlobals) = postSolution
		SolutionGuid = {BAA06173-87BA-41BB-8469-7C4B8A9CC60C}
	EndGlobalSection
EndGlobal
